<?xml version="1.0" encoding="utf-8"?>
<Project ToolsVersion="4.0" xmlns="http://schemas.microsoft.com/developer/msbuild/2003">
  <ItemGroup>
    <ClCompile Include="main.cpp" />
    <ClCompile Include="GameWindow\GameWindow.cpp">
      <Filter>GameWindow</Filter>
    </ClCompile>
    <ClCompile Include="GameWindow\GameDirectX.cpp">
      <Filter>GameWindow</Filter>
    </ClCompile>
    <ClCompile Include="GameManager\GameManager.cpp">
      <Filter>GameManager</Filter>
    </ClCompile>
    <ClCompile Include="Input\Input.cpp">
      <Filter>Input</Filter>
    </ClCompile>
    <ClCompile Include="Input\InputDirect.cpp">
      <Filter>Input</Filter>
    </ClCompile>
    <ClCompile Include="Input\InputKeyboard.cpp">
      <Filter>Input</Filter>
    </ClCompile>
    <ClCompile Include="Input\InputManager.cpp">
      <Filter>Input</Filter>
    </ClCompile>
    <ClCompile Include="Input\InputMouse.cpp">
      <Filter>Input</Filter>
    </ClCompile>
    <ClCompile Include="Input\InputXInput.cpp">
      <Filter>Input</Filter>
    </ClCompile>
    <ClCompile Include="DebugProc\DebugProc.cpp">
      <Filter>DebugProc</Filter>
    </ClCompile>
    <ClCompile Include="Test\Test.cpp">
      <Filter>Test</Filter>
    </ClCompile>
  </ItemGroup>
  <ItemGroup>
    <Filter Include="GameWindow">
      <UniqueIdentifier>{fdfd2896-e7f7-4340-8549-218b8275bbef}</UniqueIdentifier>
    </Filter>
    <Filter Include="GameManager">
      <UniqueIdentifier>{df88ed65-7098-49d8-9746-316e05fca85f}</UniqueIdentifier>
    </Filter>
    <Filter Include="DebugProc">
      <UniqueIdentifier>{cd42ee78-c98b-4a27-95a7-93e6a4cbb366}</UniqueIdentifier>
    </Filter>
    <Filter Include="Test">
      <UniqueIdentifier>{b20714ee-e576-440b-a124-65a1d1c61b00}</UniqueIdentifier>
    </Filter>
    <Filter Include="Input">
      <UniqueIdentifier>{11f03253-3a5d-41f6-b87e-b79c234267e8}</UniqueIdentifier>
    </Filter>
  </ItemGroup>
  <ItemGroup>
    <ClInclude Include="GameWindow\GameWindow.h">
      <Filter>GameWindow</Filter>
    </ClInclude>
    <ClInclude Include="GameWindow\GameBase.h">
      <Filter>GameWindow</Filter>
    </ClInclude>
    <ClInclude Include="GameWindow\GameDirectX.h">
      <Filter>GameWindow</Filter>
    </ClInclude>
    <ClInclude Include="GameManager\GameManager.h">
      <Filter>GameManager</Filter>
    </ClInclude>
    <ClInclude Include="Input\Input.h">
      <Filter>Input</Filter>
    </ClInclude>
    <ClInclude Include="Input\InputDevice.h">
      <Filter>Input</Filter>
    </ClInclude>
    <ClInclude Include="Input\InputDirect.h">
      <Filter>Input</Filter>
    </ClInclude>
    <ClInclude Include="Input\InputKeyboard.h">
      <Filter>Input</Filter>
    </ClInclude>
    <ClInclude Include="Input\InputManager.h">
      <Filter>Input</Filter>
    </ClInclude>
    <ClInclude Include="Input\InputMouse.h">
      <Filter>Input</Filter>
    </ClInclude>
    <ClInclude Include="Input\InputXInput.h">
      <Filter>Input</Filter>
    </ClInclude>
    <ClInclude Include="DebugProc\DebugProc.h">
      <Filter>DebugProc</Filter>
    </ClInclude>
    <ClInclude Include="Test\Test.h">
      <Filter>Test</Filter>
    </ClInclude>
  </ItemGroup>
</Project>