<?xml version="1.0" encoding="utf-8"?>
<Project ToolsVersion="4.0" xmlns="http://schemas.microsoft.com/developer/msbuild/2003">
  <ItemGroup>
    <Filter Include="src">
      <UniqueIdentifier>{bb3f62cf-60df-44ec-b08f-d005653f6043}</UniqueIdentifier>
    </Filter>
    <Filter Include="src\liza">
      <UniqueIdentifier>{f093c771-d130-40c5-a750-115a7db3e0c5}</UniqueIdentifier>
    </Filter>
    <Filter Include="src\liza\utility">
      <UniqueIdentifier>{fcf5cb48-6b16-4960-b709-a7e0e08e8fe6}</UniqueIdentifier>
    </Filter>
    <Filter Include="src\liza\math">
      <UniqueIdentifier>{026fc886-1555-48c5-81f2-905eda712016}</UniqueIdentifier>
    </Filter>
    <Filter Include="src\liza\generic">
      <UniqueIdentifier>{4d497bf8-e597-4729-bdcf-7c85bb54a9fc}</UniqueIdentifier>
    </Filter>
    <Filter Include="src\liza\game">
      <UniqueIdentifier>{10740d4c-7936-4656-8ff8-cfd3201ab606}</UniqueIdentifier>
    </Filter>
    <Filter Include="src\Application">
      <UniqueIdentifier>{d5528e54-1c3b-48bc-8ad6-1f1bb7f0ba7f}</UniqueIdentifier>
    </Filter>
    <Filter Include="src\Application\Test">
      <UniqueIdentifier>{b20714ee-e576-440b-a124-65a1d1c61b00}</UniqueIdentifier>
    </Filter>
    <Filter Include="src\Framework">
      <UniqueIdentifier>{3e6158d2-b4ab-4e36-a827-3c605dd3e0d6}</UniqueIdentifier>
    </Filter>
    <Filter Include="src\Framework\Input">
      <UniqueIdentifier>{11f03253-3a5d-41f6-b87e-b79c234267e8}</UniqueIdentifier>
    </Filter>
    <Filter Include="src\Framework\GameWindow">
      <UniqueIdentifier>{fdfd2896-e7f7-4340-8549-218b8275bbef}</UniqueIdentifier>
    </Filter>
    <Filter Include="src\Framework\DebugProc">
      <UniqueIdentifier>{cd42ee78-c98b-4a27-95a7-93e6a4cbb366}</UniqueIdentifier>
    </Filter>
    <Filter Include="src\Framework\GameManager">
      <UniqueIdentifier>{df88ed65-7098-49d8-9746-316e05fca85f}</UniqueIdentifier>
    </Filter>
    <Filter Include="src\Framework\Object">
      <UniqueIdentifier>{b40b2c65-4c62-4852-a917-1fd5db73835f}</UniqueIdentifier>
    </Filter>
    <Filter Include="src\Framework\Utility">
      <UniqueIdentifier>{883a511f-34bd-411c-bef5-c660d1470bf7}</UniqueIdentifier>
    </Filter>
    <Filter Include="src\Framework\Camera">
      <UniqueIdentifier>{7321f659-952c-494d-8cc2-37035df1cc0c}</UniqueIdentifier>
    </Filter>
    <Filter Include="src\Framework\Light">
      <UniqueIdentifier>{9b5d228e-af26-480a-a1da-d735062d7fd9}</UniqueIdentifier>
    </Filter>
    <Filter Include="hlsl">
      <UniqueIdentifier>{748ecfc1-8817-4553-9cbf-67e10feceb53}</UniqueIdentifier>
    </Filter>
    <Filter Include="src\Framework\Shader">
      <UniqueIdentifier>{5c0b81b3-028d-4f43-82d4-fcc0fd3c75ea}</UniqueIdentifier>
    </Filter>
    <Filter Include="src\Framework\Texture">
      <UniqueIdentifier>{887dac29-56b4-4ea3-baab-81728951f1af}</UniqueIdentifier>
    </Filter>
    <Filter Include="src\Framework\Sound">
      <UniqueIdentifier>{43623334-ee86-410f-b943-00d54b671e8e}</UniqueIdentifier>
    </Filter>
    <Filter Include="src\Framework\Model">
      <UniqueIdentifier>{442a3b0f-aa16-45bc-9851-296ca5fa5eeb}</UniqueIdentifier>
    </Filter>
    <Filter Include="src\Application\Player">
      <UniqueIdentifier>{c332bc34-2398-4a39-b823-15c80dbaf8db}</UniqueIdentifier>
    </Filter>
    <Filter Include="src\Application\Pin">
      <UniqueIdentifier>{ca3961d0-cda2-4c53-94b1-29fccaec9def}</UniqueIdentifier>
    </Filter>
    <Filter Include="src\Framework\Collision">
      <UniqueIdentifier>{554f1ff1-29ed-4ca9-8fb3-34babd97bde0}</UniqueIdentifier>
    </Filter>
    <Filter Include="src\Application\Collision">
      <UniqueIdentifier>{f7d25af1-27b2-430a-9583-a969957c05dc}</UniqueIdentifier>
    </Filter>
  </ItemGroup>
  <ItemGroup>
    <ClCompile Include="src\Framework\DebugProc\DebugProc.cpp">
      <Filter>src\Framework\DebugProc</Filter>
    </ClCompile>
    <ClCompile Include="src\Framework\GameManager\GameManager.cpp">
      <Filter>src\Framework\GameManager</Filter>
    </ClCompile>
    <ClCompile Include="src\Framework\GameWindow\GameDirectX.cpp">
      <Filter>src\Framework\GameWindow</Filter>
    </ClCompile>
    <ClCompile Include="src\Framework\GameWindow\GameWindow.cpp">
      <Filter>src\Framework\GameWindow</Filter>
    </ClCompile>
    <ClCompile Include="src\Framework\Input\Input.cpp">
      <Filter>src\Framework\Input</Filter>
    </ClCompile>
    <ClCompile Include="src\Framework\Input\InputDirect.cpp">
      <Filter>src\Framework\Input</Filter>
    </ClCompile>
    <ClCompile Include="src\Framework\Input\InputKeyboard.cpp">
      <Filter>src\Framework\Input</Filter>
    </ClCompile>
    <ClCompile Include="src\Framework\Input\InputManager.cpp">
      <Filter>src\Framework\Input</Filter>
    </ClCompile>
    <ClCompile Include="src\Framework\Input\InputMouse.cpp">
      <Filter>src\Framework\Input</Filter>
    </ClCompile>
    <ClCompile Include="src\Framework\Input\InputXInput.cpp">
      <Filter>src\Framework\Input</Filter>
    </ClCompile>
    <ClCompile Include="src\Application\Test\Test.cpp">
      <Filter>src\Application\Test</Filter>
    </ClCompile>
    <ClCompile Include="src\Framework\Object\object3d.cpp">
      <Filter>src\Framework\Object</Filter>
    </ClCompile>
    <ClCompile Include="src\Framework\Camera\camera.cpp">
      <Filter>src\Framework\Camera</Filter>
    </ClCompile>
    <ClCompile Include="src\Framework\Light\light.cpp">
      <Filter>src\Framework\Light</Filter>
    </ClCompile>
    <ClCompile Include="src\Framework\Object\object_base.cpp">
      <Filter>src\Framework\Object</Filter>
    </ClCompile>
    <ClCompile Include="src\Framework\Object\object_model.cpp">
      <Filter>src\Framework\Object</Filter>
    </ClCompile>
    <ClCompile Include="src\Framework\Camera\camera_manager.cpp">
      <Filter>src\Framework\Camera</Filter>
    </ClCompile>
    <ClCompile Include="src\main.cpp">
      <Filter>src</Filter>
    </ClCompile>
    <ClCompile Include="src\stdafx.cpp">
      <Filter>src</Filter>
    </ClCompile>
    <ClCompile Include="src\Framework\Shader\shader_manager.cpp">
      <Filter>src\Framework\Shader</Filter>
    </ClCompile>
    <ClCompile Include="src\Framework\Texture\texture_manager.cpp">
      <Filter>src\Framework\Texture</Filter>
    </ClCompile>
    <ClCompile Include="src\Framework\Sound\sound_manager.cpp">
      <Filter>src\Framework\Sound</Filter>
    </ClCompile>
    <ClCompile Include="src\Framework\Sound\sound_data_holder.cpp">
      <Filter>src\Framework\Sound</Filter>
    </ClCompile>
    <ClCompile Include="src\Framework\Sound\xaudio_holder.cpp">
      <Filter>src\Framework\Sound</Filter>
    </ClCompile>
    <ClCompile Include="src\Framework\Model\model_manager.cpp">
      <Filter>src\Framework\Model</Filter>
    </ClCompile>
    <ClCompile Include="src\Application\Player\Player.cpp">
      <Filter>src\Application\Player</Filter>
    </ClCompile>
    <ClCompile Include="src\Application\Pin\Pin.cpp">
      <Filter>src\Application\Pin</Filter>
    </ClCompile>
    <ClCompile Include="src\Application\Pin\PinManager.cpp">
      <Filter>src\Application\Pin</Filter>
    </ClCompile>
    <ClCompile Include="src\Application\Pin\StandardPins.cpp">
      <Filter>src\Application\Pin</Filter>
    </ClCompile>
    <ClCompile Include="src\Application\Pin\LanePin.cpp">
      <Filter>src\Application\Pin</Filter>
    </ClCompile>
    <ClCompile Include="src\Application\Pin\LanePins.cpp">
      <Filter>src\Application\Pin</Filter>
    </ClCompile>
    <ClCompile Include="src\Framework\Collision\collision.cpp">
      <Filter>src\Framework\Collision</Filter>
    </ClCompile>
    <ClCompile Include="src\Application\Collision\CollisionManager.cpp">
      <Filter>src\Application\Collision</Filter>
    </ClCompile>
    <ClCompile Include="src\Framework\Camera\camera_steering_fixed.cpp">
      <Filter>src\Framework\Camera</Filter>
    </ClCompile>
  </ItemGroup>
  <ItemGroup>
    <ClInclude Include="src\Framework\DebugProc\DebugProc.h">
      <Filter>src\Framework\DebugProc</Filter>
    </ClInclude>
    <ClInclude Include="src\Framework\GameManager\GameManager.h">
      <Filter>src\Framework\GameManager</Filter>
    </ClInclude>
    <ClInclude Include="src\Framework\GameWindow\GameBase.h">
      <Filter>src\Framework\GameWindow</Filter>
    </ClInclude>
    <ClInclude Include="src\Framework\GameWindow\GameDirectX.h">
      <Filter>src\Framework\GameWindow</Filter>
    </ClInclude>
    <ClInclude Include="src\Framework\GameWindow\GameWindow.h">
      <Filter>src\Framework\GameWindow</Filter>
    </ClInclude>
    <ClInclude Include="src\Framework\Input\Input.h">
      <Filter>src\Framework\Input</Filter>
    </ClInclude>
    <ClInclude Include="src\Framework\Input\InputDevice.h">
      <Filter>src\Framework\Input</Filter>
    </ClInclude>
    <ClInclude Include="src\Framework\Input\InputDirect.h">
      <Filter>src\Framework\Input</Filter>
    </ClInclude>
    <ClInclude Include="src\Framework\Input\InputKeyboard.h">
      <Filter>src\Framework\Input</Filter>
    </ClInclude>
    <ClInclude Include="src\Framework\Input\InputManager.h">
      <Filter>src\Framework\Input</Filter>
    </ClInclude>
    <ClInclude Include="src\Framework\Input\InputMouse.h">
      <Filter>src\Framework\Input</Filter>
    </ClInclude>
    <ClInclude Include="src\Framework\Input\InputXInput.h">
      <Filter>src\Framework\Input</Filter>
    </ClInclude>
    <ClInclude Include="src\Application\Test\Test.h">
      <Filter>src\Application\Test</Filter>
    </ClInclude>
    <ClInclude Include="src\liza\SafeDelete.h">
      <Filter>src\liza</Filter>
    </ClInclude>
    <ClInclude Include="src\liza\SafeRelease.h">
      <Filter>src\liza</Filter>
    </ClInclude>
    <ClInclude Include="src\liza\utility\HandyLeakCheck.h">
      <Filter>src\liza\utility</Filter>
    </ClInclude>
    <ClInclude Include="src\liza\math\MathUtility.hpp">
      <Filter>src\liza\math</Filter>
    </ClInclude>
    <ClInclude Include="src\liza\math\Vector.hpp">
      <Filter>src\liza\math</Filter>
    </ClInclude>
    <ClInclude Include="src\liza\math\MathConst.h">
      <Filter>src\liza\math</Filter>
    </ClInclude>
    <ClInclude Include="src\Framework\Object\root.h">
      <Filter>src\Framework\Object</Filter>
    </ClInclude>
    <ClInclude Include="src\Framework\Object\debug_object.h">
      <Filter>src\Framework\Object</Filter>
    </ClInclude>
    <ClInclude Include="src\liza\generic\noncopyable.h">
      <Filter>src\liza\generic</Filter>
    </ClInclude>
    <ClInclude Include="src\liza\utility\Assert.h">
      <Filter>src\liza\utility</Filter>
    </ClInclude>
    <ClInclude Include="src\Framework\Object\object3d.h">
      <Filter>src\Framework\Object</Filter>
    </ClInclude>
    <ClInclude Include="src\Framework\Utility\DeviceHolder.h">
      <Filter>src\Framework\Utility</Filter>
    </ClInclude>
    <ClInclude Include="src\Framework\Camera\camera.h">
      <Filter>src\Framework\Camera</Filter>
    </ClInclude>
    <ClInclude Include="src\Framework\Light\light.h">
      <Filter>src\Framework\Light</Filter>
    </ClInclude>
    <ClInclude Include="src\Framework\Object\object_base.h">
      <Filter>src\Framework\Object</Filter>
    </ClInclude>
    <ClInclude Include="src\liza\game\directx\utility.h">
      <Filter>src\liza\game</Filter>
    </ClInclude>
    <ClInclude Include="src\liza\game\directx\render_target_holder.h">
      <Filter>src\liza\game</Filter>
    </ClInclude>
    <ClInclude Include="src\liza\generic\Lifetime.hpp">
      <Filter>src\liza\generic</Filter>
    </ClInclude>
    <ClInclude Include="src\liza\generic\SingletonHolder.hpp">
      <Filter>src\liza\generic</Filter>
    </ClInclude>
    <ClInclude Include="src\liza\generic\ThreadingModel.hpp">
      <Filter>src\liza\generic</Filter>
    </ClInclude>
    <ClInclude Include="src\liza\generic\Creation.hpp">
      <Filter>src\liza\generic</Filter>
    </ClInclude>
    <ClInclude Include="src\Framework\Object\object_model.h">
      <Filter>src\Framework\Object</Filter>
    </ClInclude>
    <ClInclude Include="src\Framework\Camera\camera_manager.h">
      <Filter>src\Framework\Camera</Filter>
    </ClInclude>
    <ClInclude Include="src\common.h">
      <Filter>src</Filter>
    </ClInclude>
    <ClInclude Include="src\stdafx.h">
      <Filter>src</Filter>
    </ClInclude>
    <ClInclude Include="src\window_config.h">
      <Filter>src</Filter>
    </ClInclude>
    <ClInclude Include="src\Framework\Shader\shader_manager.h">
      <Filter>src\Framework\Shader</Filter>
    </ClInclude>
    <ClInclude Include="src\Framework\Texture\texture_manager.h">
      <Filter>src\Framework\Texture</Filter>
    </ClInclude>
    <ClInclude Include="src\Framework\Sound\sound_manager.h">
      <Filter>src\Framework\Sound</Filter>
    </ClInclude>
    <ClInclude Include="src\Framework\Sound\sound_data_holder.h">
      <Filter>src\Framework\Sound</Filter>
    </ClInclude>
    <ClInclude Include="src\Framework\Utility\_DataFinder.hpp">
      <Filter>src\liza\utility</Filter>
    </ClInclude>
    <ClInclude Include="src\Framework\Sound\xaudio_holder.h">
      <Filter>src\Framework\Sound</Filter>
    </ClInclude>
    <ClInclude Include="src\Framework\Utility\STL_Utility.h">
      <Filter>src\Framework\Utility</Filter>
    </ClInclude>
    <ClInclude Include="src\Framework\Utility\DataLoader.hpp">
      <Filter>src\Framework\Utility</Filter>
    </ClInclude>
    <ClInclude Include="src\Framework\Utility\_DataLoader.hpp">
      <Filter>src\Framework\Utility</Filter>
    </ClInclude>
    <ClInclude Include="src\Framework\Utility\GroupDataLoader.hpp">
      <Filter>src\Framework\Utility</Filter>
    </ClInclude>
    <ClInclude Include="src\Framework\Model\model_manager.h">
      <Filter>src\Framework\Model</Filter>
    </ClInclude>
    <ClInclude Include="src\Application\Player\Player.h">
      <Filter>src\Application\Player</Filter>
    </ClInclude>
    <ClInclude Include="src\liza\generic\factory.hpp">
      <Filter>src\liza\generic</Filter>
    </ClInclude>
    <ClInclude Include="src\Application\Pin\Pin.h">
      <Filter>src\Application\Pin</Filter>
    </ClInclude>
    <ClInclude Include="src\Application\Pin\PinManager.h">
      <Filter>src\Application\Pin</Filter>
    </ClInclude>
    <ClInclude Include="src\Application\Pin\StandardPins.h">
      <Filter>src\Application\Pin</Filter>
    </ClInclude>
    <ClInclude Include="src\Application\Pin\LanePin.h">
      <Filter>src\Application\Pin</Filter>
    </ClInclude>
    <ClInclude Include="src\Application\Pin\LanePins.h">
      <Filter>src\Application\Pin</Filter>
    </ClInclude>
    <ClInclude Include="src\Framework\Collision\collision.h">
      <Filter>src\Framework\Collision</Filter>
    </ClInclude>
    <ClInclude Include="src\Application\Collision\CollisionManager.h">
      <Filter>src\Application\Collision</Filter>
    </ClInclude>
    <ClInclude Include="src\Framework\Camera\camera_steering_fixed.h">
      <Filter>src\Framework\Camera</Filter>
    </ClInclude>
  </ItemGroup>
  <ItemGroup>
    <None Include="src\liza\math\Vector2.inl">
      <Filter>src\liza\math</Filter>
    </None>
    <None Include="src\liza\math\Vector3.inl">
      <Filter>src\liza\math</Filter>
    </None>
    <None Include="src\liza\math\Vector4.inl">
      <Filter>src\liza\math</Filter>
    </None>
    <None Include="src\liza\math\MathUtility.inl">
      <Filter>src\liza\math</Filter>
    </None>
    <None Include="src\liza\utility\Assert.inl">
      <Filter>src\liza\utility</Filter>
    </None>
    <None Include="src\liza\game\directx\render_target_holder.inl">
      <Filter>src\liza\game</Filter>
    </None>
    <None Include="src\liza\game\directx\utility.inl">
      <Filter>src\liza\game</Filter>
    </None>
    <None Include="src\Framework\Utility\DataLoader.inl">
      <Filter>src\Framework\Utility</Filter>
    </None>
    <None Include="src\Framework\Utility\GroupDataLoader.inl">
      <Filter>src\Framework\Utility</Filter>
    </None>
  </ItemGroup>
  <ItemGroup>
    <FxCompile Include="hlsl\object3d.hlsl">
      <Filter>hlsl</Filter>
    </FxCompile>
    <FxCompile Include="hlsl\objectx.hlsl">
      <Filter>hlsl</Filter>
    </FxCompile>
  </ItemGroup>
</Project>